
Microsoft Visual Studio Solution File, Format Version 12.00
# Visual Studio Version 16
VisualStudioVersion = 16.0.30711.63
MinimumVisualStudioVersion = 10.0.40219.1
Project("{9A19103F-16F7-4668-BE54-9A1E7A4F7556}") = "ProductManagementApi", "ProductManagementApi\ProductManagementApi.csproj", "{896661C3-EAF5-4879-8253-544CA0A29030}"
EndProject
Global
	GlobalSection(SolutionConfigurationPlatforms) = preSolution
		Debug|Any CPU = Debug|Any CPU
		Release|Any CPU = Release|Any CPU
	EndGlobalSection
	GlobalSection(ProjectConfigurationPlatforms) = postSolution
		{896661C3-EAF5-4879-8253-544CA0A29030}.Debug|Any CPU.ActiveCfg = Debug|Any CPU
		{896661C3-EAF5-4879-8253-544CA0A29030}.Debug|Any CPU.Build.0 = Debug|Any CPU
		{896661C3-EAF5-4879-8253-544CA0A29030}.Release|Any CPU.ActiveCfg = Release|Any CPU
		{896661C3-EAF5-4879-8253-544CA0A29030}.Release|Any CPU.Build.0 = Release|Any CPU
	EndGlobalSection
	GlobalSection(SolutionProperties) = preSolution
		HideSolutionNode = FALSE
	EndGlobalSection
	GlobalSection(ExtensibilityGlobals) = postSolution
		SolutionGuid = {CCFB9065-6ED1-4CB2-AE11-9370B2181198}
	EndGlobalSection
EndGlobal
